
Microsoft Visual Studio Solution File, Format Version 12.00
# Visual Studio 15
VisualStudioVersion = 15.0.28307.168
MinimumVisualStudioVersion = 10.0.40219.1
Project("{FAE04EC0-301F-11D3-BF4B-00C04F79EFBC}") = "VideotiendaWFApp", "VideotiendaWFApp\VideotiendaWFApp.csproj", "{DF202DF3-6886-4E14-9362-F10F8AD9DEBA}"
EndProject
Global
	GlobalSection(SolutionConfigurationPlatforms) = preSolution
		Debug|Any CPU = Debug|Any CPU
		Release|Any CPU = Release|Any CPU
	EndGlobalSection
	GlobalSection(ProjectConfigurationPlatforms) = postSolution
		{DF202DF3-6886-4E14-9362-F10F8AD9DEBA}.Debug|Any CPU.ActiveCfg = Debug|Any CPU
		{DF202DF3-6886-4E14-9362-F10F8AD9DEBA}.Debug|Any CPU.Build.0 = Debug|Any CPU
		{DF202DF3-6886-4E14-9362-F10F8AD9DEBA}.Release|Any CPU.ActiveCfg = Release|Any CPU
		{DF202DF3-6886-4E14-9362-F10F8AD9DEBA}.Release|Any CPU.Build.0 = Release|Any CPU
	EndGlobalSection
	GlobalSection(SolutionProperties) = preSolution
		HideSolutionNode = FALSE
	EndGlobalSection
	GlobalSection(ExtensibilityGlobals) = postSolution
		SolutionGuid = {DE4B5651-AD8B-468D-A409-947E3C7E2968}
	EndGlobalSection
EndGlobal
